
Microsoft Visual Studio Solution File, Format Version 12.00
# Visual Studio Version 16
VisualStudioVersion = 16.0.29806.167
MinimumVisualStudioVersion = 10.0.40219.1
Project("{9A19103F-16F7-4668-BE54-9A1E7A4F7556}") = "ECommerce.Entities", "ECommerce.Entities\ECommerce.Entities.csproj", "{8616ED07-E1EF-45E7-93D7-822AA210F3CC}"
EndProject
Project("{9A19103F-16F7-4668-BE54-9A1E7A4F7556}") = "ECommerce.DataAccess", "ECommerce.DataAccess\ECommerce.DataAccess.csproj", "{1D67B50C-BB36-4067-88DB-B0D8984C3BB0}"
EndProject
Project("{9A19103F-16F7-4668-BE54-9A1E7A4F7556}") = "ECommerce.Business", "ECommerce.Business\ECommerce.Business.csproj", "{6D5C9FA1-3F28-49BC-BC7B-8FB3EBC61E1A}"
EndProject
Project("{9A19103F-16F7-4668-BE54-9A1E7A4F7556}") = "ECommerce.Coree", "ECommerce.Coree\ECommerce.Coree.csproj", "{24A65670-5729-4C81-8D21-738DE44BDA93}"
EndProject
Project("{9A19103F-16F7-4668-BE54-9A1E7A4F7556}") = "ECommerce.UI.Web", "ECommerce.UI.Web\ECommerce.UI.Web.csproj", "{C3BC6890-988A-49F1-846B-CCC933C541FA}"
EndProject
Global
	GlobalSection(SolutionConfigurationPlatforms) = preSolution
		Debug|Any CPU = Debug|Any CPU
		Release|Any CPU = Release|Any CPU
	EndGlobalSection
	GlobalSection(ProjectConfigurationPlatforms) = postSolution
		{8616ED07-E1EF-45E7-93D7-822AA210F3CC}.Debug|Any CPU.ActiveCfg = Debug|Any CPU
		{8616ED07-E1EF-45E7-93D7-822AA210F3CC}.Debug|Any CPU.Build.0 = Debug|Any CPU
		{8616ED07-E1EF-45E7-93D7-822AA210F3CC}.Release|Any CPU.ActiveCfg = Release|Any CPU
		{8616ED07-E1EF-45E7-93D7-822AA210F3CC}.Release|Any CPU.Build.0 = Release|Any CPU
		{1D67B50C-BB36-4067-88DB-B0D8984C3BB0}.Debug|Any CPU.ActiveCfg = Debug|Any CPU
		{1D67B50C-BB36-4067-88DB-B0D8984C3BB0}.Debug|Any CPU.Build.0 = Debug|Any CPU
		{1D67B50C-BB36-4067-88DB-B0D8984C3BB0}.Release|Any CPU.ActiveCfg = Release|Any CPU
		{1D67B50C-BB36-4067-88DB-B0D8984C3BB0}.Release|Any CPU.Build.0 = Release|Any CPU
		{6D5C9FA1-3F28-49BC-BC7B-8FB3EBC61E1A}.Debug|Any CPU.ActiveCfg = Debug|Any CPU
		{6D5C9FA1-3F28-49BC-BC7B-8FB3EBC61E1A}.Debug|Any CPU.Build.0 = Debug|Any CPU
		{6D5C9FA1-3F28-49BC-BC7B-8FB3EBC61E1A}.Release|Any CPU.ActiveCfg = Release|Any CPU
		{6D5C9FA1-3F28-49BC-BC7B-8FB3EBC61E1A}.Release|Any CPU.Build.0 = Release|Any CPU
		{24A65670-5729-4C81-8D21-738DE44BDA93}.Debug|Any CPU.ActiveCfg = Debug|Any CPU
		{24A65670-5729-4C81-8D21-738DE44BDA93}.Debug|Any CPU.Build.0 = Debug|Any CPU
		{24A65670-5729-4C81-8D21-738DE44BDA93}.Release|Any CPU.ActiveCfg = Release|Any CPU
		{24A65670-5729-4C81-8D21-738DE44BDA93}.Release|Any CPU.Build.0 = Release|Any CPU
		{C3BC6890-988A-49F1-846B-CCC933C541FA}.Debug|Any CPU.ActiveCfg = Debug|Any CPU
		{C3BC6890-988A-49F1-846B-CCC933C541FA}.Debug|Any CPU.Build.0 = Debug|Any CPU
		{C3BC6890-988A-49F1-846B-CCC933C541FA}.Release|Any CPU.ActiveCfg = Release|Any CPU
		{C3BC6890-988A-49F1-846B-CCC933C541FA}.Release|Any CPU.Build.0 = Release|Any CPU
	EndGlobalSection
	GlobalSection(SolutionProperties) = preSolution
		HideSolutionNode = FALSE
	EndGlobalSection
	GlobalSection(ExtensibilityGlobals) = postSolution
		SolutionGuid = {39177329-6AC1-40F0-9EAE-35803C691BB0}
	EndGlobalSection
EndGlobal
